// !$*UTF8*$!
{
	archiveVersion = 1;
	classes = {
	};
	objectVersion = 46;
	objects = {

/* Begin PBXBuildFile section */
		36FABE269A1765800AE16EC3 /* Pods_GatteSchedules.framework in Frameworks */ = {isa = PBXBuildFile; fileRef = C04EFF83C5086B5929B41FDB /* Pods_GatteSchedules.framework */; };
		56FADEC3351CFD41F7327CF4 /* Pods_GatteSchedulesUITests.framework in Frameworks */ = {isa = PBXBuildFile; fileRef = 3E98A763DA7FF1133CC25E0D /* Pods_GatteSchedulesUITests.framework */; };
		E902F5ED1DEE381E00A2326F /* TODO.txt in Resources */ = {isa = PBXBuildFile; fileRef = E902F5EC1DEE381E00A2326F /* TODO.txt */; };
		E902F5FC1DEFCB1300A2326F /* Login.storyboard in Resources */ = {isa = PBXBuildFile; fileRef = E902F5FB1DEFCB1300A2326F /* Login.storyboard */; };
		E902F6031DEFDCDD00A2326F /* Settings.storyboard in Resources */ = {isa = PBXBuildFile; fileRef = E902F6021DEFDCDD00A2326F /* Settings.storyboard */; };
		E902F6061DEFDD2000A2326F /* SettingsViewController.swift in Sources */ = {isa = PBXBuildFile; fileRef = E902F6051DEFDD2000A2326F /* SettingsViewController.swift */; };
		E902F6081DEFDE2000A2326F /* PositionsTableViewController.swift in Sources */ = {isa = PBXBuildFile; fileRef = E902F6071DEFDE2000A2326F /* PositionsTableViewController.swift */; };
		E902F60A1DEFDE2900A2326F /* ShiftsTableViewController.swift in Sources */ = {isa = PBXBuildFile; fileRef = E902F6091DEFDE2900A2326F /* ShiftsTableViewController.swift */; };
		E902F60C1DF08E0C00A2326F /* EditShiftViewController.swift in Sources */ = {isa = PBXBuildFile; fileRef = E902F60B1DF08E0C00A2326F /* EditShiftViewController.swift */; };
		E902F60E1DF0A3BE00A2326F /* EditUserViewController.swift in Sources */ = {isa = PBXBuildFile; fileRef = E902F60D1DF0A3BE00A2326F /* EditUserViewController.swift */; };
		E902F6101DF0AD6700A2326F /* ViewUsersTableViewController.swift in Sources */ = {isa = PBXBuildFile; fileRef = E902F60F1DF0AD6700A2326F /* ViewUsersTableViewController.swift */; };
		E902F61A1DF24C6000A2326F /* GSTeam.swift in Sources */ = {isa = PBXBuildFile; fileRef = E902F6191DF24C6000A2326F /* GSTeam.swift */; };
		E930879B1DFB58A00003CC84 /* DayDetail.storyboard in Resources */ = {isa = PBXBuildFile; fileRef = E930879A1DFB58A00003CC84 /* DayDetail.storyboard */; };
		E930879D1DFB58C60003CC84 /* DDIndexViewController.swift in Sources */ = {isa = PBXBuildFile; fileRef = E930879C1DFB58C60003CC84 /* DDIndexViewController.swift */; };
		E93087A21DFC587D0003CC84 /* DDRequestViewController.swift in Sources */ = {isa = PBXBuildFile; fileRef = E93087A11DFC587D0003CC84 /* DDRequestViewController.swift */; };
		E93087A41DFCA2BC0003CC84 /* DDScheduleForPositionViewController.swift in Sources */ = {isa = PBXBuildFile; fileRef = E93087A31DFCA2BB0003CC84 /* DDScheduleForPositionViewController.swift */; };
		E938EB361E037ED500181590 /* GSPopup.swift in Sources */ = {isa = PBXBuildFile; fileRef = E938EB351E037ED500181590 /* GSPopup.swift */; };
		E938EB7C1E039D4900181590 /* CellGripper.png in Resources */ = {isa = PBXBuildFile; fileRef = E938EB7B1E039D4900181590 /* CellGripper.png */; };
		E938EB801E03A16D00181590 /* Logo.png in Resources */ = {isa = PBXBuildFile; fileRef = E938EB7F1E03A16D00181590 /* Logo.png */; };
		E94E13771E138AD9008D6727 /* GSPushNotifications.swift in Sources */ = {isa = PBXBuildFile; fileRef = E94E13761E138AD9008D6727 /* GSPushNotifications.swift */; };
		E9626F191E037BBF00483710 /* Popup.xib in Resources */ = {isa = PBXBuildFile; fileRef = E9626F181E037BBF00483710 /* Popup.xib */; };
		E968C5821DFCB4AD00A9736F /* SEPositionViewController.swift in Sources */ = {isa = PBXBuildFile; fileRef = E968C5811DFCB4AD00A9736F /* SEPositionViewController.swift */; };
		E968C5841DFD209800A9736F /* GSUserDayRequest.swift in Sources */ = {isa = PBXBuildFile; fileRef = E968C5831DFD209800A9736F /* GSUserDayRequest.swift */; };
		E979BD011E00FE5000783B08 /* DDPositionTableViewCell.xib in Resources */ = {isa = PBXBuildFile; fileRef = E979BD001E00FE5000783B08 /* DDPositionTableViewCell.xib */; };
		E979BD031E00FE7200783B08 /* DDPositionTableViewCell.swift in Sources */ = {isa = PBXBuildFile; fileRef = E979BD021E00FE7200783B08 /* DDPositionTableViewCell.swift */; };
		E9A0D2911DFE722F00A896C9 /* DDRequestTableViewCell.swift in Sources */ = {isa = PBXBuildFile; fileRef = E9A0D2901DFE722F00A896C9 /* DDRequestTableViewCell.swift */; };
		E9A0D2931DFE725300A896C9 /* DDRequestTableViewCell.xib in Resources */ = {isa = PBXBuildFile; fileRef = E9A0D2921DFE725300A896C9 /* DDRequestTableViewCell.xib */; };
		E9BE77BC1DF752F2005DB20C /* GSUserDay.swift in Sources */ = {isa = PBXBuildFile; fileRef = E9BE77BB1DF752F2005DB20C /* GSUserDay.swift */; };
		E9BE77BE1DF7534E005DB20C /* GSUserShift.swift in Sources */ = {isa = PBXBuildFile; fileRef = E9BE77BD1DF7534E005DB20C /* GSUserShift.swift */; };
		E9BE77C01DF7537B005DB20C /* GSUserPosition.swift in Sources */ = {isa = PBXBuildFile; fileRef = E9BE77BF1DF7537B005DB20C /* GSUserPosition.swift */; };
		E9BE77CE1DF86E25005DB20C /* ScheduleEditor.storyboard in Resources */ = {isa = PBXBuildFile; fileRef = E9BE77CD1DF86E25005DB20C /* ScheduleEditor.storyboard */; };
		E9BE77D11DF870A6005DB20C /* SEIndexTableViewController.swift in Sources */ = {isa = PBXBuildFile; fileRef = E9BE77D01DF870A6005DB20C /* SEIndexTableViewController.swift */; };
		E9BE77E11DF89004005DB20C /* USVScheduleTableViewCell.swift in Sources */ = {isa = PBXBuildFile; fileRef = E9BE77DF1DF89004005DB20C /* USVScheduleTableViewCell.swift */; };
		E9BE77E21DF89004005DB20C /* USVScheduleTableViewCell.xib in Resources */ = {isa = PBXBuildFile; fileRef = E9BE77E01DF89004005DB20C /* USVScheduleTableViewCell.xib */; };
		E9BE78101DFA3763005DB20C /* ContainerViewController.swift in Sources */ = {isa = PBXBuildFile; fileRef = E9BE780F1DFA3763005DB20C /* ContainerViewController.swift */; };
		E9BE78121DFA3775005DB20C /* MenuViewController.swift in Sources */ = {isa = PBXBuildFile; fileRef = E9BE78111DFA3775005DB20C /* MenuViewController.swift */; };
		E9BE78141DFA4EDB005DB20C /* MenuTableViewCell.xib in Resources */ = {isa = PBXBuildFile; fileRef = E9BE78131DFA4EDB005DB20C /* MenuTableViewCell.xib */; };
		E9BE78161DFA4EF3005DB20C /* MenuTableViewCell.swift in Sources */ = {isa = PBXBuildFile; fileRef = E9BE78151DFA4EF3005DB20C /* MenuTableViewCell.swift */; };
		E9E274A41E02F71600B14AE2 /* CreateNewTeamViewController.swift in Sources */ = {isa = PBXBuildFile; fileRef = E9E274A31E02F71600B14AE2 /* CreateNewTeamViewController.swift */; };
		E9EAEC881DE53F3D00D4646C /* AppDelegate.swift in Sources */ = {isa = PBXBuildFile; fileRef = E9EAEC871DE53F3D00D4646C /* AppDelegate.swift */; };
		E9EAEC8D1DE53F3D00D4646C /* Main.storyboard in Resources */ = {isa = PBXBuildFile; fileRef = E9EAEC8B1DE53F3D00D4646C /* Main.storyboard */; };
		E9EAEC8F1DE53F3D00D4646C /* Assets.xcassets in Resources */ = {isa = PBXBuildFile; fileRef = E9EAEC8E1DE53F3D00D4646C /* Assets.xcassets */; };
		E9EAEC921DE53F3D00D4646C /* LaunchScreen.storyboard in Resources */ = {isa = PBXBuildFile; fileRef = E9EAEC901DE53F3D00D4646C /* LaunchScreen.storyboard */; };
		E9EAEC9D1DE53F3D00D4646C /* GatteSchedulesTests.swift in Sources */ = {isa = PBXBuildFile; fileRef = E9EAEC9C1DE53F3D00D4646C /* GatteSchedulesTests.swift */; };
		E9EAECA81DE53F3D00D4646C /* GatteSchedulesUITests.swift in Sources */ = {isa = PBXBuildFile; fileRef = E9EAECA71DE53F3D00D4646C /* GatteSchedulesUITests.swift */; };
		E9EAECDA1DECCBD200D4646C /* DB.swift in Sources */ = {isa = PBXBuildFile; fileRef = E9EAECD91DECCBD200D4646C /* DB.swift */; };
		E9EAECDC1DECCBE400D4646C /* App.swift in Sources */ = {isa = PBXBuildFile; fileRef = E9EAECDB1DECCBE400D4646C /* App.swift */; };
		E9EAECE01DECCC2C00D4646C /* LoginViewController.swift in Sources */ = {isa = PBXBuildFile; fileRef = E9EAECDF1DECCC2C00D4646C /* LoginViewController.swift */; };
		E9EAECE71DECCF3500D4646C /* GSDay.swift in Sources */ = {isa = PBXBuildFile; fileRef = E9EAECE61DECCF3500D4646C /* GSDay.swift */; };
		E9EAECED1DECD42900D4646C /* GoogleService-Info.plist in Resources */ = {isa = PBXBuildFile; fileRef = E9EAECEC1DECD42900D4646C /* GoogleService-Info.plist */; };
		E9EAECF31DED47E600D4646C /* GSSettings.swift in Sources */ = {isa = PBXBuildFile; fileRef = E9EAECF21DED47E600D4646C /* GSSettings.swift */; };
		E9EAECF51DEDDF1200D4646C /* GSUser.swift in Sources */ = {isa = PBXBuildFile; fileRef = E9EAECF41DEDDF1200D4646C /* GSUser.swift */; };
		E9EAECF71DEDDF2500D4646C /* GSDayRequests.swift in Sources */ = {isa = PBXBuildFile; fileRef = E9EAECF61DEDDF2500D4646C /* GSDayRequests.swift */; };
		E9EAECFD1DEDFF9B00D4646C /* MainViewController.swift in Sources */ = {isa = PBXBuildFile; fileRef = E9EAECFC1DEDFF9B00D4646C /* MainViewController.swift */; };
		E9EF53381E01E15500CDE712 /* EditUserTableViewCell.xib in Resources */ = {isa = PBXBuildFile; fileRef = E9EF53371E01E15500CDE712 /* EditUserTableViewCell.xib */; };
		E9EF533A1E01E16C00CDE712 /* EditUserTableViewCell.swift in Sources */ = {isa = PBXBuildFile; fileRef = E9EF53391E01E16C00CDE712 /* EditUserTableViewCell.swift */; };
		E9F4C03B1DF28344000228D2 /* CreateUserViewController.swift in Sources */ = {isa = PBXBuildFile; fileRef = E9F4C03A1DF28344000228D2 /* CreateUserViewController.swift */; };
		E9F4C03D1DF32E91000228D2 /* FirstTimeLoginViewController.swift in Sources */ = {isa = PBXBuildFile; fileRef = E9F4C03C1DF32E91000228D2 /* FirstTimeLoginViewController.swift */; };
		E9F4C03F1DF35D12000228D2 /* GSPendingUser.swift in Sources */ = {isa = PBXBuildFile; fileRef = E9F4C03E1DF35D12000228D2 /* GSPendingUser.swift */; };
		E9F4C0421DF37B3E000228D2 /* ViewPendingUsersTableViewController.swift in Sources */ = {isa = PBXBuildFile; fileRef = E9F4C0411DF37B3E000228D2 /* ViewPendingUsersTableViewController.swift */; };
		E9F4C0861DF675F4000228D2 /* GSShift.swift in Sources */ = {isa = PBXBuildFile; fileRef = E9F4C0851DF675F4000228D2 /* GSShift.swift */; };
		E9F4C0881DF675FC000228D2 /* GSPosition.swift in Sources */ = {isa = PBXBuildFile; fileRef = E9F4C0871DF675FC000228D2 /* GSPosition.swift */; };
		F4E9221E1C7FA325B233E0AF /* Pods_GatteSchedulesTests.framework in Frameworks */ = {isa = PBXBuildFile; fileRef = E4DCC84BE0D3CEC46EA3C4C9 /* Pods_GatteSchedulesTests.framework */; };
/* End PBXBuildFile section */

/* Begin PBXContainerItemProxy section */
		E9EAEC991DE53F3D00D4646C /* PBXContainerItemProxy */ = {
			isa = PBXContainerItemProxy;
			containerPortal = E9EAEC7C1DE53F3D00D4646C /* Project object */;
			proxyType = 1;
			remoteGlobalIDString = E9EAEC831DE53F3D00D4646C;
			remoteInfo = GatteSchedules;
		};
		E9EAECA41DE53F3D00D4646C /* PBXContainerItemProxy */ = {
			isa = PBXContainerItemProxy;
			containerPortal = E9EAEC7C1DE53F3D00D4646C /* Project object */;
			proxyType = 1;
			remoteGlobalIDString = E9EAEC831DE53F3D00D4646C;
			remoteInfo = GatteSchedules;
		};
/* End PBXContainerItemProxy section */

/* Begin PBXFileReference section */
		1322186FDEA9C4838CD89865 /* Pods-GatteSchedulesUITests.debug.xcconfig */ = {isa = PBXFileReference; includeInIndex = 1; lastKnownFileType = text.xcconfig; name = "Pods-GatteSchedulesUITests.debug.xcconfig"; path = "Pods/Target Support Files/Pods-GatteSchedulesUITests/Pods-GatteSchedulesUITests.debug.xcconfig"; sourceTree = "<group>"; };
		367E6C3C30A25864FD8C51DD /* Pods-GatteSchedulesTests.debug.xcconfig */ = {isa = PBXFileReference; includeInIndex = 1; lastKnownFileType = text.xcconfig; name = "Pods-GatteSchedulesTests.debug.xcconfig"; path = "Pods/Target Support Files/Pods-GatteSchedulesTests/Pods-GatteSchedulesTests.debug.xcconfig"; sourceTree = "<group>"; };
		3E98A763DA7FF1133CC25E0D /* Pods_GatteSchedulesUITests.framework */ = {isa = PBXFileReference; explicitFileType = wrapper.framework; includeInIndex = 0; path = Pods_GatteSchedulesUITests.framework; sourceTree = BUILT_PRODUCTS_DIR; };
		6A1988B2ED4EA548427A0EB7 /* Pods-GatteSchedules.debug.xcconfig */ = {isa = PBXFileReference; includeInIndex = 1; lastKnownFileType = text.xcconfig; name = "Pods-GatteSchedules.debug.xcconfig"; path = "Pods/Target Support Files/Pods-GatteSchedules/Pods-GatteSchedules.debug.xcconfig"; sourceTree = "<group>"; };
		6A39455A45EA369C9D4CC914 /* Pods-GatteSchedulesTests.release.xcconfig */ = {isa = PBXFileReference; includeInIndex = 1; lastKnownFileType = text.xcconfig; name = "Pods-GatteSchedulesTests.release.xcconfig"; path = "Pods/Target Support Files/Pods-GatteSchedulesTests/Pods-GatteSchedulesTests.release.xcconfig"; sourceTree = "<group>"; };
		B22D7019ECFFFB3AAAA918BA /* Pods-GatteSchedulesUITests.release.xcconfig */ = {isa = PBXFileReference; includeInIndex = 1; lastKnownFileType = text.xcconfig; name = "Pods-GatteSchedulesUITests.release.xcconfig"; path = "Pods/Target Support Files/Pods-GatteSchedulesUITests/Pods-GatteSchedulesUITests.release.xcconfig"; sourceTree = "<group>"; };
		C04EFF83C5086B5929B41FDB /* Pods_GatteSchedules.framework */ = {isa = PBXFileReference; explicitFileType = wrapper.framework; includeInIndex = 0; path = Pods_GatteSchedules.framework; sourceTree = BUILT_PRODUCTS_DIR; };
		E4DCC84BE0D3CEC46EA3C4C9 /* Pods_GatteSchedulesTests.framework */ = {isa = PBXFileReference; explicitFileType = wrapper.framework; includeInIndex = 0; path = Pods_GatteSchedulesTests.framework; sourceTree = BUILT_PRODUCTS_DIR; };
		E902F5EC1DEE381E00A2326F /* TODO.txt */ = {isa = PBXFileReference; fileEncoding = 4; lastKnownFileType = text; name = TODO.txt; path = GatteSchedules/TODO.txt; sourceTree = "<group>"; };
		E902F5FB1DEFCB1300A2326F /* Login.storyboard */ = {isa = PBXFileReference; fileEncoding = 4; lastKnownFileType = file.storyboard; path = Login.storyboard; sourceTree = "<group>"; };
		E902F6021DEFDCDD00A2326F /* Settings.storyboard */ = {isa = PBXFileReference; fileEncoding = 4; lastKnownFileType = file.storyboard; path = Settings.storyboard; sourceTree = "<group>"; };
		E902F6051DEFDD2000A2326F /* SettingsViewController.swift */ = {isa = PBXFileReference; fileEncoding = 4; lastKnownFileType = sourcecode.swift; path = SettingsViewController.swift; sourceTree = "<group>"; };
		E902F6071DEFDE2000A2326F /* PositionsTableViewController.swift */ = {isa = PBXFileReference; fileEncoding = 4; lastKnownFileType = sourcecode.swift; path = PositionsTableViewController.swift; sourceTree = "<group>"; };
		E902F6091DEFDE2900A2326F /* ShiftsTableViewController.swift */ = {isa = PBXFileReference; fileEncoding = 4; lastKnownFileType = sourcecode.swift; path = ShiftsTableViewController.swift; sourceTree = "<group>"; };
		E902F60B1DF08E0C00A2326F /* EditShiftViewController.swift */ = {isa = PBXFileReference; fileEncoding = 4; lastKnownFileType = sourcecode.swift; path = EditShiftViewController.swift; sourceTree = "<group>"; };
		E902F60D1DF0A3BE00A2326F /* EditUserViewController.swift */ = {isa = PBXFileReference; fileEncoding = 4; lastKnownFileType = sourcecode.swift; path = EditUserViewController.swift; sourceTree = "<group>"; };
		E902F60F1DF0AD6700A2326F /* ViewUsersTableViewController.swift */ = {isa = PBXFileReference; fileEncoding = 4; lastKnownFileType = sourcecode.swift; path = ViewUsersTableViewController.swift; sourceTree = "<group>"; };
		E902F6191DF24C6000A2326F /* GSTeam.swift */ = {isa = PBXFileReference; fileEncoding = 4; lastKnownFileType = sourcecode.swift; path = GSTeam.swift; sourceTree = "<group>"; };
		E930879A1DFB58A00003CC84 /* DayDetail.storyboard */ = {isa = PBXFileReference; fileEncoding = 4; lastKnownFileType = file.storyboard; path = DayDetail.storyboard; sourceTree = "<group>"; };
		E930879C1DFB58C60003CC84 /* DDIndexViewController.swift */ = {isa = PBXFileReference; fileEncoding = 4; lastKnownFileType = sourcecode.swift; path = DDIndexViewController.swift; sourceTree = "<group>"; };
		E93087A11DFC587D0003CC84 /* DDRequestViewController.swift */ = {isa = PBXFileReference; fileEncoding = 4; lastKnownFileType = sourcecode.swift; path = DDRequestViewController.swift; sourceTree = "<group>"; };
		E93087A31DFCA2BB0003CC84 /* DDScheduleForPositionViewController.swift */ = {isa = PBXFileReference; fileEncoding = 4; lastKnownFileType = sourcecode.swift; path = DDScheduleForPositionViewController.swift; sourceTree = "<group>"; };
		E938EB351E037ED500181590 /* GSPopup.swift */ = {isa = PBXFileReference; fileEncoding = 4; lastKnownFileType = sourcecode.swift; path = GSPopup.swift; sourceTree = "<group>"; };
		E938EB7B1E039D4900181590 /* CellGripper.png */ = {isa = PBXFileReference; lastKnownFileType = image.png; path = CellGripper.png; sourceTree = "<group>"; };
		E938EB7F1E03A16D00181590 /* Logo.png */ = {isa = PBXFileReference; lastKnownFileType = image.png; path = Logo.png; sourceTree = "<group>"; };
		E94E13761E138AD9008D6727 /* GSPushNotifications.swift */ = {isa = PBXFileReference; fileEncoding = 4; lastKnownFileType = sourcecode.swift; path = GSPushNotifications.swift; sourceTree = "<group>"; };
		E9626F181E037BBF00483710 /* Popup.xib */ = {isa = PBXFileReference; fileEncoding = 4; lastKnownFileType = file.xib; path = Popup.xib; sourceTree = "<group>"; };
		E968C5811DFCB4AD00A9736F /* SEPositionViewController.swift */ = {isa = PBXFileReference; fileEncoding = 4; lastKnownFileType = sourcecode.swift; path = SEPositionViewController.swift; sourceTree = "<group>"; };
		E968C5831DFD209800A9736F /* GSUserDayRequest.swift */ = {isa = PBXFileReference; fileEncoding = 4; lastKnownFileType = sourcecode.swift; path = GSUserDayRequest.swift; sourceTree = "<group>"; };
		E96C81991E0F14EB006FD8E9 /* GatteSchedules.entitlements */ = {isa = PBXFileReference; lastKnownFileType = text.plist.entitlements; path = GatteSchedules.entitlements; sourceTree = "<group>"; };
		E979BD001E00FE5000783B08 /* DDPositionTableViewCell.xib */ = {isa = PBXFileReference; fileEncoding = 4; lastKnownFileType = file.xib; path = DDPositionTableViewCell.xib; sourceTree = "<group>"; };
		E979BD021E00FE7200783B08 /* DDPositionTableViewCell.swift */ = {isa = PBXFileReference; fileEncoding = 4; lastKnownFileType = sourcecode.swift; path = DDPositionTableViewCell.swift; sourceTree = "<group>"; };
		E9A0D2901DFE722F00A896C9 /* DDRequestTableViewCell.swift */ = {isa = PBXFileReference; fileEncoding = 4; lastKnownFileType = sourcecode.swift; path = DDRequestTableViewCell.swift; sourceTree = "<group>"; };
		E9A0D2921DFE725300A896C9 /* DDRequestTableViewCell.xib */ = {isa = PBXFileReference; fileEncoding = 4; lastKnownFileType = file.xib; path = DDRequestTableViewCell.xib; sourceTree = "<group>"; };
		E9BE77BB1DF752F2005DB20C /* GSUserDay.swift */ = {isa = PBXFileReference; fileEncoding = 4; lastKnownFileType = sourcecode.swift; path = GSUserDay.swift; sourceTree = "<group>"; };
		E9BE77BD1DF7534E005DB20C /* GSUserShift.swift */ = {isa = PBXFileReference; fileEncoding = 4; lastKnownFileType = sourcecode.swift; path = GSUserShift.swift; sourceTree = "<group>"; };
		E9BE77BF1DF7537B005DB20C /* GSUserPosition.swift */ = {isa = PBXFileReference; fileEncoding = 4; lastKnownFileType = sourcecode.swift; path = GSUserPosition.swift; sourceTree = "<group>"; };
		E9BE77CD1DF86E25005DB20C /* ScheduleEditor.storyboard */ = {isa = PBXFileReference; fileEncoding = 4; lastKnownFileType = file.storyboard; path = ScheduleEditor.storyboard; sourceTree = "<group>"; };
		E9BE77D01DF870A6005DB20C /* SEIndexTableViewController.swift */ = {isa = PBXFileReference; fileEncoding = 4; lastKnownFileType = sourcecode.swift; path = SEIndexTableViewController.swift; sourceTree = "<group>"; };
		E9BE77DF1DF89004005DB20C /* USVScheduleTableViewCell.swift */ = {isa = PBXFileReference; fileEncoding = 4; lastKnownFileType = sourcecode.swift; path = USVScheduleTableViewCell.swift; sourceTree = "<group>"; };
		E9BE77E01DF89004005DB20C /* USVScheduleTableViewCell.xib */ = {isa = PBXFileReference; fileEncoding = 4; lastKnownFileType = file.xib; path = USVScheduleTableViewCell.xib; sourceTree = "<group>"; };
		E9BE780F1DFA3763005DB20C /* ContainerViewController.swift */ = {isa = PBXFileReference; fileEncoding = 4; lastKnownFileType = sourcecode.swift; path = ContainerViewController.swift; sourceTree = "<group>"; };
		E9BE78111DFA3775005DB20C /* MenuViewController.swift */ = {isa = PBXFileReference; fileEncoding = 4; lastKnownFileType = sourcecode.swift; path = MenuViewController.swift; sourceTree = "<group>"; };
		E9BE78131DFA4EDB005DB20C /* MenuTableViewCell.xib */ = {isa = PBXFileReference; fileEncoding = 4; lastKnownFileType = file.xib; path = MenuTableViewCell.xib; sourceTree = "<group>"; };
		E9BE78151DFA4EF3005DB20C /* MenuTableViewCell.swift */ = {isa = PBXFileReference; fileEncoding = 4; lastKnownFileType = sourcecode.swift; path = MenuTableViewCell.swift; sourceTree = "<group>"; };
		E9E274A31E02F71600B14AE2 /* CreateNewTeamViewController.swift */ = {isa = PBXFileReference; fileEncoding = 4; lastKnownFileType = sourcecode.swift; path = CreateNewTeamViewController.swift; sourceTree = "<group>"; };
		E9EAEC841DE53F3D00D4646C /* GatteSchedules.app */ = {isa = PBXFileReference; explicitFileType = wrapper.application; includeInIndex = 0; path = GatteSchedules.app; sourceTree = BUILT_PRODUCTS_DIR; };
		E9EAEC871DE53F3D00D4646C /* AppDelegate.swift */ = {isa = PBXFileReference; lastKnownFileType = sourcecode.swift; path = AppDelegate.swift; sourceTree = "<group>"; };
		E9EAEC8C1DE53F3D00D4646C /* Base */ = {isa = PBXFileReference; lastKnownFileType = file.storyboard; name = Base; path = Base.lproj/Main.storyboard; sourceTree = "<group>"; };
		E9EAEC8E1DE53F3D00D4646C /* Assets.xcassets */ = {isa = PBXFileReference; lastKnownFileType = folder.assetcatalog; path = Assets.xcassets; sourceTree = "<group>"; };
		E9EAEC911DE53F3D00D4646C /* Base */ = {isa = PBXFileReference; lastKnownFileType = file.storyboard; name = Base; path = Base.lproj/LaunchScreen.storyboard; sourceTree = "<group>"; };
		E9EAEC931DE53F3D00D4646C /* Info.plist */ = {isa = PBXFileReference; lastKnownFileType = text.plist.xml; path = Info.plist; sourceTree = "<group>"; };
		E9EAEC981DE53F3D00D4646C /* GatteSchedulesTests.xctest */ = {isa = PBXFileReference; explicitFileType = wrapper.cfbundle; includeInIndex = 0; path = GatteSchedulesTests.xctest; sourceTree = BUILT_PRODUCTS_DIR; };
		E9EAEC9C1DE53F3D00D4646C /* GatteSchedulesTests.swift */ = {isa = PBXFileReference; lastKnownFileType = sourcecode.swift; path = GatteSchedulesTests.swift; sourceTree = "<group>"; };
		E9EAEC9E1DE53F3D00D4646C /* Info.plist */ = {isa = PBXFileReference; lastKnownFileType = text.plist.xml; path = Info.plist; sourceTree = "<group>"; };
		E9EAECA31DE53F3D00D4646C /* GatteSchedulesUITests.xctest */ = {isa = PBXFileReference; explicitFileType = wrapper.cfbundle; includeInIndex = 0; path = GatteSchedulesUITests.xctest; sourceTree = BUILT_PRODUCTS_DIR; };
		E9EAECA71DE53F3D00D4646C /* GatteSchedulesUITests.swift */ = {isa = PBXFileReference; lastKnownFileType = sourcecode.swift; path = GatteSchedulesUITests.swift; sourceTree = "<group>"; };
		E9EAECA91DE53F3D00D4646C /* Info.plist */ = {isa = PBXFileReference; lastKnownFileType = text.plist.xml; path = Info.plist; sourceTree = "<group>"; };
		E9EAECD91DECCBD200D4646C /* DB.swift */ = {isa = PBXFileReference; fileEncoding = 4; lastKnownFileType = sourcecode.swift; path = DB.swift; sourceTree = "<group>"; };
		E9EAECDB1DECCBE400D4646C /* App.swift */ = {isa = PBXFileReference; fileEncoding = 4; lastKnownFileType = sourcecode.swift; path = App.swift; sourceTree = "<group>"; };
		E9EAECDF1DECCC2C00D4646C /* LoginViewController.swift */ = {isa = PBXFileReference; fileEncoding = 4; lastKnownFileType = sourcecode.swift; path = LoginViewController.swift; sourceTree = "<group>"; };
		E9EAECE61DECCF3500D4646C /* GSDay.swift */ = {isa = PBXFileReference; fileEncoding = 4; lastKnownFileType = sourcecode.swift; path = GSDay.swift; sourceTree = "<group>"; };
		E9EAECEC1DECD42900D4646C /* GoogleService-Info.plist */ = {isa = PBXFileReference; fileEncoding = 4; lastKnownFileType = text.plist.xml; path = "GoogleService-Info.plist"; sourceTree = "<group>"; };
		E9EAECF21DED47E600D4646C /* GSSettings.swift */ = {isa = PBXFileReference; fileEncoding = 4; lastKnownFileType = sourcecode.swift; path = GSSettings.swift; sourceTree = "<group>"; };
		E9EAECF41DEDDF1200D4646C /* GSUser.swift */ = {isa = PBXFileReference; fileEncoding = 4; lastKnownFileType = sourcecode.swift; path = GSUser.swift; sourceTree = "<group>"; };
		E9EAECF61DEDDF2500D4646C /* GSDayRequests.swift */ = {isa = PBXFileReference; fileEncoding = 4; lastKnownFileType = sourcecode.swift; path = GSDayRequests.swift; sourceTree = "<group>"; };
		E9EAECFC1DEDFF9B00D4646C /* MainViewController.swift */ = {isa = PBXFileReference; fileEncoding = 4; lastKnownFileType = sourcecode.swift; path = MainViewController.swift; sourceTree = "<group>"; };
		E9EF53371E01E15500CDE712 /* EditUserTableViewCell.xib */ = {isa = PBXFileReference; fileEncoding = 4; lastKnownFileType = file.xib; path = EditUserTableViewCell.xib; sourceTree = "<group>"; };
		E9EF53391E01E16C00CDE712 /* EditUserTableViewCell.swift */ = {isa = PBXFileReference; fileEncoding = 4; lastKnownFileType = sourcecode.swift; path = EditUserTableViewCell.swift; sourceTree = "<group>"; };
		E9F4C03A1DF28344000228D2 /* CreateUserViewController.swift */ = {isa = PBXFileReference; fileEncoding = 4; lastKnownFileType = sourcecode.swift; path = CreateUserViewController.swift; sourceTree = "<group>"; };
		E9F4C03C1DF32E91000228D2 /* FirstTimeLoginViewController.swift */ = {isa = PBXFileReference; fileEncoding = 4; lastKnownFileType = sourcecode.swift; path = FirstTimeLoginViewController.swift; sourceTree = "<group>"; };
		E9F4C03E1DF35D12000228D2 /* GSPendingUser.swift */ = {isa = PBXFileReference; fileEncoding = 4; lastKnownFileType = sourcecode.swift; path = GSPendingUser.swift; sourceTree = "<group>"; };
		E9F4C0411DF37B3E000228D2 /* ViewPendingUsersTableViewController.swift */ = {isa = PBXFileReference; fileEncoding = 4; lastKnownFileType = sourcecode.swift; path = ViewPendingUsersTableViewController.swift; sourceTree = "<group>"; };
		E9F4C0851DF675F4000228D2 /* GSShift.swift */ = {isa = PBXFileReference; fileEncoding = 4; lastKnownFileType = sourcecode.swift; path = GSShift.swift; sourceTree = "<group>"; };
		E9F4C0871DF675FC000228D2 /* GSPosition.swift */ = {isa = PBXFileReference; fileEncoding = 4; lastKnownFileType = sourcecode.swift; path = GSPosition.swift; sourceTree = "<group>"; };
		F696509750500FAD20771831 /* Pods-GatteSchedules.release.xcconfig */ = {isa = PBXFileReference; includeInIndex = 1; lastKnownFileType = text.xcconfig; name = "Pods-GatteSchedules.release.xcconfig"; path = "Pods/Target Support Files/Pods-GatteSchedules/Pods-GatteSchedules.release.xcconfig"; sourceTree = "<group>"; };
/* End PBXFileReference section */

/* Begin PBXFrameworksBuildPhase section */
		E9EAEC811DE53F3D00D4646C /* Frameworks */ = {
			isa = PBXFrameworksBuildPhase;
			buildActionMask = 2147483647;
			files = (
				36FABE269A1765800AE16EC3 /* Pods_GatteSchedules.framework in Frameworks */,
			);
			runOnlyForDeploymentPostprocessing = 0;
		};
		E9EAEC951DE53F3D00D4646C /* Frameworks */ = {
			isa = PBXFrameworksBuildPhase;
			buildActionMask = 2147483647;
			files = (
				F4E9221E1C7FA325B233E0AF /* Pods_GatteSchedulesTests.framework in Frameworks */,
			);
			runOnlyForDeploymentPostprocessing = 0;
		};
		E9EAECA01DE53F3D00D4646C /* Frameworks */ = {
			isa = PBXFrameworksBuildPhase;
			buildActionMask = 2147483647;
			files = (
				56FADEC3351CFD41F7327CF4 /* Pods_GatteSchedulesUITests.framework in Frameworks */,
			);
			runOnlyForDeploymentPostprocessing = 0;
		};
/* End PBXFrameworksBuildPhase section */

/* Begin PBXGroup section */
		2F30B58DA375C49264941853 /* Pods */ = {
			isa = PBXGroup;
			children = (
				6A1988B2ED4EA548427A0EB7 /* Pods-GatteSchedules.debug.xcconfig */,
				F696509750500FAD20771831 /* Pods-GatteSchedules.release.xcconfig */,
				367E6C3C30A25864FD8C51DD /* Pods-GatteSchedulesTests.debug.xcconfig */,
				6A39455A45EA369C9D4CC914 /* Pods-GatteSchedulesTests.release.xcconfig */,
				1322186FDEA9C4838CD89865 /* Pods-GatteSchedulesUITests.debug.xcconfig */,
				B22D7019ECFFFB3AAAA918BA /* Pods-GatteSchedulesUITests.release.xcconfig */,
			);
			name = Pods;
			sourceTree = "<group>";
		};
		C7C9979E1CA70AEB6D23FFC1 /* Frameworks */ = {
			isa = PBXGroup;
			children = (
				C04EFF83C5086B5929B41FDB /* Pods_GatteSchedules.framework */,
				E4DCC84BE0D3CEC46EA3C4C9 /* Pods_GatteSchedulesTests.framework */,
				3E98A763DA7FF1133CC25E0D /* Pods_GatteSchedulesUITests.framework */,
			);
			name = Frameworks;
			sourceTree = "<group>";
		};
		E902F6001DEFCB9E00A2326F /* Login */ = {
			isa = PBXGroup;
			children = (
				E9EAECDF1DECCC2C00D4646C /* LoginViewController.swift */,
				E9F4C03C1DF32E91000228D2 /* FirstTimeLoginViewController.swift */,
				E9E274A31E02F71600B14AE2 /* CreateNewTeamViewController.swift */,
			);
			name = Login;
			sourceTree = "<group>";
		};
		E902F6041DEFDD0500A2326F /* Settings */ = {
			isa = PBXGroup;
			children = (
				E902F6051DEFDD2000A2326F /* SettingsViewController.swift */,
				E902F6071DEFDE2000A2326F /* PositionsTableViewController.swift */,
				E902F6091DEFDE2900A2326F /* ShiftsTableViewController.swift */,
				E902F60B1DF08E0C00A2326F /* EditShiftViewController.swift */,
				E902F60F1DF0AD6700A2326F /* ViewUsersTableViewController.swift */,
				E9F4C03A1DF28344000228D2 /* CreateUserViewController.swift */,
				E902F60D1DF0A3BE00A2326F /* EditUserViewController.swift */,
				E9EF53391E01E16C00CDE712 /* EditUserTableViewCell.swift */,
				E9F4C0411DF37B3E000228D2 /* ViewPendingUsersTableViewController.swift */,
			);
			name = Settings;
			sourceTree = "<group>";
		};
		E930879E1DFB58D00003CC84 /* DayDetail */ = {
			isa = PBXGroup;
			children = (
				E930879C1DFB58C60003CC84 /* DDIndexViewController.swift */,
				E93087A31DFCA2BB0003CC84 /* DDScheduleForPositionViewController.swift */,
				E93087A11DFC587D0003CC84 /* DDRequestViewController.swift */,
				E9A0D2901DFE722F00A896C9 /* DDRequestTableViewCell.swift */,
			);
			name = DayDetail;
			sourceTree = "<group>";
		};
		E9BE77C31DF7B1EE005DB20C /* UserSchedule */ = {
			isa = PBXGroup;
			children = (
				E9BE77BB1DF752F2005DB20C /* GSUserDay.swift */,
				E9BE77BD1DF7534E005DB20C /* GSUserShift.swift */,
				E9BE77BF1DF7537B005DB20C /* GSUserPosition.swift */,
			);
			name = UserSchedule;
			sourceTree = "<group>";
		};
		E9BE77CF1DF86FFD005DB20C /* DayEditor */ = {
			isa = PBXGroup;
			children = (
				E9BE77D01DF870A6005DB20C /* SEIndexTableViewController.swift */,
				E968C5811DFCB4AD00A9736F /* SEPositionViewController.swift */,
				E979BD021E00FE7200783B08 /* DDPositionTableViewCell.swift */,
			);
			name = DayEditor;
			sourceTree = "<group>";
		};
		E9BE77DE1DF88FB3005DB20C /* UserScheduleViewer */ = {
			isa = PBXGroup;
			children = (
				E9BE77E01DF89004005DB20C /* USVScheduleTableViewCell.xib */,
				E9626F181E037BBF00483710 /* Popup.xib */,
			);
			name = UserScheduleViewer;
			sourceTree = "<group>";
		};
		E9EAEC7B1DE53F3D00D4646C = {
			isa = PBXGroup;
			children = (
				E902F5EC1DEE381E00A2326F /* TODO.txt */,
				E9EAEC861DE53F3D00D4646C /* GatteSchedules */,
				E9EAEC9B1DE53F3D00D4646C /* GatteSchedulesTests */,
				E9EAECA61DE53F3D00D4646C /* GatteSchedulesUITests */,
				E9EAEC851DE53F3D00D4646C /* Products */,
				2F30B58DA375C49264941853 /* Pods */,
				C7C9979E1CA70AEB6D23FFC1 /* Frameworks */,
			);
			sourceTree = "<group>";
		};
		E9EAEC851DE53F3D00D4646C /* Products */ = {
			isa = PBXGroup;
			children = (
				E9EAEC841DE53F3D00D4646C /* GatteSchedules.app */,
				E9EAEC981DE53F3D00D4646C /* GatteSchedulesTests.xctest */,
				E9EAECA31DE53F3D00D4646C /* GatteSchedulesUITests.xctest */,
			);
			name = Products;
			sourceTree = "<group>";
		};
		E9EAEC861DE53F3D00D4646C /* GatteSchedules */ = {
			isa = PBXGroup;
			children = (
				E96C81991E0F14EB006FD8E9 /* GatteSchedules.entitlements */,
				E9EAECD61DECCB5700D4646C /* Storyboard */,
				E9EAECD71DECCB5F00D4646C /* Controllers */,
				E9EAECD81DECCB6400D4646C /* Models */,
				E9EAEC871DE53F3D00D4646C /* AppDelegate.swift */,
				E9EAEC8E1DE53F3D00D4646C /* Assets.xcassets */,
				E938EB7B1E039D4900181590 /* CellGripper.png */,
				E938EB7F1E03A16D00181590 /* Logo.png */,
				E9EAEC901DE53F3D00D4646C /* LaunchScreen.storyboard */,
				E9EAEC931DE53F3D00D4646C /* Info.plist */,
				E9EAECEC1DECD42900D4646C /* GoogleService-Info.plist */,
			);
			path = GatteSchedules;
			sourceTree = "<group>";
		};
		E9EAEC9B1DE53F3D00D4646C /* GatteSchedulesTests */ = {
			isa = PBXGroup;
			children = (
				E9EAEC9C1DE53F3D00D4646C /* GatteSchedulesTests.swift */,
				E9EAEC9E1DE53F3D00D4646C /* Info.plist */,
			);
			path = GatteSchedulesTests;
			sourceTree = "<group>";
		};
		E9EAECA61DE53F3D00D4646C /* GatteSchedulesUITests */ = {
			isa = PBXGroup;
			children = (
				E9EAECA71DE53F3D00D4646C /* GatteSchedulesUITests.swift */,
				E9EAECA91DE53F3D00D4646C /* Info.plist */,
			);
			path = GatteSchedulesUITests;
			sourceTree = "<group>";
		};
		E9EAECD61DECCB5700D4646C /* Storyboard */ = {
			isa = PBXGroup;
			children = (
				E9BE77DE1DF88FB3005DB20C /* UserScheduleViewer */,
				E9EAEC8B1DE53F3D00D4646C /* Main.storyboard */,
				E930879A1DFB58A00003CC84 /* DayDetail.storyboard */,
				E9BE77CD1DF86E25005DB20C /* ScheduleEditor.storyboard */,
				E902F5FB1DEFCB1300A2326F /* Login.storyboard */,
				E902F6021DEFDCDD00A2326F /* Settings.storyboard */,
				E9EF53371E01E15500CDE712 /* EditUserTableViewCell.xib */,
				E9BE78131DFA4EDB005DB20C /* MenuTableViewCell.xib */,
				E9A0D2921DFE725300A896C9 /* DDRequestTableViewCell.xib */,
				E979BD001E00FE5000783B08 /* DDPositionTableViewCell.xib */,
			);
			name = Storyboard;
			sourceTree = "<group>";
		};
		E9EAECD71DECCB5F00D4646C /* Controllers */ = {
			isa = PBXGroup;
			children = (
				E9EAECFC1DEDFF9B00D4646C /* MainViewController.swift */,
				E9BE780F1DFA3763005DB20C /* ContainerViewController.swift */,
				E9BE78111DFA3775005DB20C /* MenuViewController.swift */,
				E9BE78151DFA4EF3005DB20C /* MenuTableViewCell.swift */,
				E9BE77DF1DF89004005DB20C /* USVScheduleTableViewCell.swift */,
				E938EB351E037ED500181590 /* GSPopup.swift */,
				E930879E1DFB58D00003CC84 /* DayDetail */,
				E9BE77CF1DF86FFD005DB20C /* DayEditor */,
				E902F6041DEFDD0500A2326F /* Settings */,
				E902F6001DEFCB9E00A2326F /* Login */,
			);
			name = Controllers;
			sourceTree = "<group>";
		};
		E9EAECD81DECCB6400D4646C /* Models */ = {
			isa = PBXGroup;
			children = (
				E9EAECE11DECCEDD00D4646C /* Day */,
				E9BE77C31DF7B1EE005DB20C /* UserSchedule */,
				E9F4C0401DF36B01000228D2 /* UsersAndTeams */,
				E9EAECF21DED47E600D4646C /* GSSettings.swift */,
				E9EAECF61DEDDF2500D4646C /* GSDayRequests.swift */,
				E968C5831DFD209800A9736F /* GSUserDayRequest.swift */,
				E9EAECD91DECCBD200D4646C /* DB.swift */,
				E9EAECDB1DECCBE400D4646C /* App.swift */,
				E94E13761E138AD9008D6727 /* GSPushNotifications.swift */,
			);
			name = Models;
			sourceTree = "<group>";
		};
		E9EAECE11DECCEDD00D4646C /* Day */ = {
			isa = PBXGroup;
			children = (
				E9EAECE61DECCF3500D4646C /* GSDay.swift */,
				E9F4C0851DF675F4000228D2 /* GSShift.swift */,
				E9F4C0871DF675FC000228D2 /* GSPosition.swift */,
			);
			name = Day;
			sourceTree = "<group>";
		};
		E9F4C0401DF36B01000228D2 /* UsersAndTeams */ = {
			isa = PBXGroup;
			children = (
				E9EAECF41DEDDF1200D4646C /* GSUser.swift */,
				E902F6191DF24C6000A2326F /* GSTeam.swift */,
				E9F4C03E1DF35D12000228D2 /* GSPendingUser.swift */,
			);
			name = UsersAndTeams;
			sourceTree = "<group>";
		};
/* End PBXGroup section */

/* Begin PBXNativeTarget section */
		E9EAEC831DE53F3D00D4646C /* GatteSchedules */ = {
			isa = PBXNativeTarget;
			buildConfigurationList = E9EAECAC1DE53F3D00D4646C /* Build configuration list for PBXNativeTarget "GatteSchedules" */;
			buildPhases = (
				B92939A5F278881BB0280E7B /* [CP] Check Pods Manifest.lock */,
				E9EAEC801DE53F3D00D4646C /* Sources */,
				E9EAEC811DE53F3D00D4646C /* Frameworks */,
				E9EAEC821DE53F3D00D4646C /* Resources */,
				A81B4CFE108762705E3515E6 /* [CP] Embed Pods Frameworks */,
				4B4E7A2160CDD37239BF26A5 /* [CP] Copy Pods Resources */,
			);
			buildRules = (
			);
			dependencies = (
			);
			name = GatteSchedules;
			productName = GatteSchedules;
			productReference = E9EAEC841DE53F3D00D4646C /* GatteSchedules.app */;
			productType = "com.apple.product-type.application";
		};
		E9EAEC971DE53F3D00D4646C /* GatteSchedulesTests */ = {
			isa = PBXNativeTarget;
			buildConfigurationList = E9EAECAF1DE53F3D00D4646C /* Build configuration list for PBXNativeTarget "GatteSchedulesTests" */;
			buildPhases = (
				BC30D77339F838E5B834CFCD /* [CP] Check Pods Manifest.lock */,
				E9EAEC941DE53F3D00D4646C /* Sources */,
				E9EAEC951DE53F3D00D4646C /* Frameworks */,
				E9EAEC961DE53F3D00D4646C /* Resources */,
				84D383C0F80576ECAB50E5CE /* [CP] Embed Pods Frameworks */,
				1A417F679B3794A8450A990A /* [CP] Copy Pods Resources */,
			);
			buildRules = (
			);
			dependencies = (
				E9EAEC9A1DE53F3D00D4646C /* PBXTargetDependency */,
			);
			name = GatteSchedulesTests;
			productName = GatteSchedulesTests;
			productReference = E9EAEC981DE53F3D00D4646C /* GatteSchedulesTests.xctest */;
			productType = "com.apple.product-type.bundle.unit-test";
		};
		E9EAECA21DE53F3D00D4646C /* GatteSchedulesUITests */ = {
			isa = PBXNativeTarget;
			buildConfigurationList = E9EAECB21DE53F3D00D4646C /* Build configuration list for PBXNativeTarget "GatteSchedulesUITests" */;
			buildPhases = (
				7AC7CFE0C7FFFAB61A6FFE6A /* [CP] Check Pods Manifest.lock */,
				E9EAEC9F1DE53F3D00D4646C /* Sources */,
				E9EAECA01DE53F3D00D4646C /* Frameworks */,
				E9EAECA11DE53F3D00D4646C /* Resources */,
				3880B1FEC6D97818E4BB629B /* [CP] Embed Pods Frameworks */,
				3E2983ED9B37C31755290FAD /* [CP] Copy Pods Resources */,
			);
			buildRules = (
			);
			dependencies = (
				E9EAECA51DE53F3D00D4646C /* PBXTargetDependency */,
			);
			name = GatteSchedulesUITests;
			productName = GatteSchedulesUITests;
			productReference = E9EAECA31DE53F3D00D4646C /* GatteSchedulesUITests.xctest */;
			productType = "com.apple.product-type.bundle.ui-testing";
		};
/* End PBXNativeTarget section */

/* Begin PBXProject section */
		E9EAEC7C1DE53F3D00D4646C /* Project object */ = {
			isa = PBXProject;
			attributes = {
				LastSwiftUpdateCheck = 0810;
				LastUpgradeCheck = 0820;
				ORGANIZATIONNAME = colbyg;
				TargetAttributes = {
					E9EAEC831DE53F3D00D4646C = {
						CreatedOnToolsVersion = 8.1;
						DevelopmentTeam = 6BTW725B4B;
						ProvisioningStyle = Automatic;
						SystemCapabilities = {
							com.apple.BackgroundModes = {
								enabled = 1;
							};
							com.apple.Push = {
								enabled = 1;
							};
						};
					};
					E9EAEC971DE53F3D00D4646C = {
						CreatedOnToolsVersion = 8.1;
						DevelopmentTeam = 6BTW725B4B;
						ProvisioningStyle = Automatic;
						TestTargetID = E9EAEC831DE53F3D00D4646C;
					};
					E9EAECA21DE53F3D00D4646C = {
						CreatedOnToolsVersion = 8.1;
						DevelopmentTeam = 6BTW725B4B;
						ProvisioningStyle = Automatic;
						TestTargetID = E9EAEC831DE53F3D00D4646C;
					};
				};
			};
			buildConfigurationList = E9EAEC7F1DE53F3D00D4646C /* Build configuration list for PBXProject "GatteSchedules" */;
			compatibilityVersion = "Xcode 3.2";
			developmentRegion = English;
			hasScannedForEncodings = 0;
			knownRegions = (
				en,
				Base,
			);
			mainGroup = E9EAEC7B1DE53F3D00D4646C;
			productRefGroup = E9EAEC851DE53F3D00D4646C /* Products */;
			projectDirPath = "";
			projectRoot = "";
			targets = (
				E9EAEC831DE53F3D00D4646C /* GatteSchedules */,
				E9EAEC971DE53F3D00D4646C /* GatteSchedulesTests */,
				E9EAECA21DE53F3D00D4646C /* GatteSchedulesUITests */,
			);
		};
/* End PBXProject section */

/* Begin PBXResourcesBuildPhase section */
		E9EAEC821DE53F3D00D4646C /* Resources */ = {
			isa = PBXResourcesBuildPhase;
			buildActionMask = 2147483647;
			files = (
				E979BD011E00FE5000783B08 /* DDPositionTableViewCell.xib in Resources */,
				E9EF53381E01E15500CDE712 /* EditUserTableViewCell.xib in Resources */,
				E930879B1DFB58A00003CC84 /* DayDetail.storyboard in Resources */,
				E902F5FC1DEFCB1300A2326F /* Login.storyboard in Resources */,
				E9BE77CE1DF86E25005DB20C /* ScheduleEditor.storyboard in Resources */,
				E9A0D2931DFE725300A896C9 /* DDRequestTableViewCell.xib in Resources */,
				E902F5ED1DEE381E00A2326F /* TODO.txt in Resources */,
				E938EB7C1E039D4900181590 /* CellGripper.png in Resources */,
				E9EAEC921DE53F3D00D4646C /* LaunchScreen.storyboard in Resources */,
				E9EAEC8F1DE53F3D00D4646C /* Assets.xcassets in Resources */,
				E938EB801E03A16D00181590 /* Logo.png in Resources */,
				E902F6031DEFDCDD00A2326F /* Settings.storyboard in Resources */,
				E9BE78141DFA4EDB005DB20C /* MenuTableViewCell.xib in Resources */,
				E9EAEC8D1DE53F3D00D4646C /* Main.storyboard in Resources */,
				E9EAECED1DECD42900D4646C /* GoogleService-Info.plist in Resources */,
				E9626F191E037BBF00483710 /* Popup.xib in Resources */,
				E9BE77E21DF89004005DB20C /* USVScheduleTableViewCell.xib in Resources */,
			);
			runOnlyForDeploymentPostprocessing = 0;
		};
		E9EAEC961DE53F3D00D4646C /* Resources */ = {
			isa = PBXResourcesBuildPhase;
			buildActionMask = 2147483647;
			files = (
			);
			runOnlyForDeploymentPostprocessing = 0;
		};
		E9EAECA11DE53F3D00D4646C /* Resources */ = {
			isa = PBXResourcesBuildPhase;
			buildActionMask = 2147483647;
			files = (
			);
			runOnlyForDeploymentPostprocessing = 0;
		};
/* End PBXResourcesBuildPhase section */

/* Begin PBXShellScriptBuildPhase section */
		1A417F679B3794A8450A990A /* [CP] Copy Pods Resources */ = {
			isa = PBXShellScriptBuildPhase;
			buildActionMask = 2147483647;
			files = (
			);
			inputPaths = (
			);
			name = "[CP] Copy Pods Resources";
			outputPaths = (
			);
			runOnlyForDeploymentPostprocessing = 0;
			shellPath = /bin/sh;
			shellScript = "\"${SRCROOT}/Pods/Target Support Files/Pods-GatteSchedulesTests/Pods-GatteSchedulesTests-resources.sh\"\n";
			showEnvVarsInLog = 0;
		};
		3880B1FEC6D97818E4BB629B /* [CP] Embed Pods Frameworks */ = {
			isa = PBXShellScriptBuildPhase;
			buildActionMask = 2147483647;
			files = (
			);
			inputPaths = (
			);
			name = "[CP] Embed Pods Frameworks";
			outputPaths = (
			);
			runOnlyForDeploymentPostprocessing = 0;
			shellPath = /bin/sh;
			shellScript = "\"${SRCROOT}/Pods/Target Support Files/Pods-GatteSchedulesUITests/Pods-GatteSchedulesUITests-frameworks.sh\"\n";
			showEnvVarsInLog = 0;
		};
		3E2983ED9B37C31755290FAD /* [CP] Copy Pods Resources */ = {
			isa = PBXShellScriptBuildPhase;
			buildActionMask = 2147483647;
			files = (
			);
			inputPaths = (
			);
			name = "[CP] Copy Pods Resources";
			outputPaths = (
			);
			runOnlyForDeploymentPostprocessing = 0;
			shellPath = /bin/sh;
			shellScript = "\"${SRCROOT}/Pods/Target Support Files/Pods-GatteSchedulesUITests/Pods-GatteSchedulesUITests-resources.sh\"\n";
			showEnvVarsInLog = 0;
		};
		4B4E7A2160CDD37239BF26A5 /* [CP] Copy Pods Resources */ = {
			isa = PBXShellScriptBuildPhase;
			buildActionMask = 2147483647;
			files = (
			);
			inputPaths = (
			);
			name = "[CP] Copy Pods Resources";
			outputPaths = (
			);
			runOnlyForDeploymentPostprocessing = 0;
			shellPath = /bin/sh;
			shellScript = "\"${SRCROOT}/Pods/Target Support Files/Pods-GatteSchedules/Pods-GatteSchedules-resources.sh\"\n";
			showEnvVarsInLog = 0;
		};
		7AC7CFE0C7FFFAB61A6FFE6A /* [CP] Check Pods Manifest.lock */ = {
			isa = PBXShellScriptBuildPhase;
			buildActionMask = 2147483647;
			files = (
			);
			inputPaths = (
			);
			name = "[CP] Check Pods Manifest.lock";
			outputPaths = (
			);
			runOnlyForDeploymentPostprocessing = 0;
			shellPath = /bin/sh;
			shellScript = "diff \"${PODS_ROOT}/../Podfile.lock\" \"${PODS_ROOT}/Manifest.lock\" > /dev/null\nif [ $? != 0 ] ; then\n    # print error to STDERR\n    echo \"error: The sandbox is not in sync with the Podfile.lock. Run 'pod install' or update your CocoaPods installation.\" >&2\n    exit 1\nfi\n";
			showEnvVarsInLog = 0;
		};
		84D383C0F80576ECAB50E5CE /* [CP] Embed Pods Frameworks */ = {
			isa = PBXShellScriptBuildPhase;
			buildActionMask = 2147483647;
			files = (
			);
			inputPaths = (
			);
			name = "[CP] Embed Pods Frameworks";
			outputPaths = (
			);
			runOnlyForDeploymentPostprocessing = 0;
			shellPath = /bin/sh;
			shellScript = "\"${SRCROOT}/Pods/Target Support Files/Pods-GatteSchedulesTests/Pods-GatteSchedulesTests-frameworks.sh\"\n";
			showEnvVarsInLog = 0;
		};
		A81B4CFE108762705E3515E6 /* [CP] Embed Pods Frameworks */ = {
			isa = PBXShellScriptBuildPhase;
			buildActionMask = 2147483647;
			files = (
			);
			inputPaths = (
			);
			name = "[CP] Embed Pods Frameworks";
			outputPaths = (
			);
			runOnlyForDeploymentPostprocessing = 0;
			shellPath = /bin/sh;
			shellScript = "\"${SRCROOT}/Pods/Target Support Files/Pods-GatteSchedules/Pods-GatteSchedules-frameworks.sh\"\n";
			showEnvVarsInLog = 0;
		};
		B92939A5F278881BB0280E7B /* [CP] Check Pods Manifest.lock */ = {
			isa = PBXShellScriptBuildPhase;
			buildActionMask = 2147483647;
			files = (
			);
			inputPaths = (
			);
			name = "[CP] Check Pods Manifest.lock";
			outputPaths = (
			);
			runOnlyForDeploymentPostprocessing = 0;
			shellPath = /bin/sh;
			shellScript = "diff \"${PODS_ROOT}/../Podfile.lock\" \"${PODS_ROOT}/Manifest.lock\" > /dev/null\nif [ $? != 0 ] ; then\n    # print error to STDERR\n    echo \"error: The sandbox is not in sync with the Podfile.lock. Run 'pod install' or update your CocoaPods installation.\" >&2\n    exit 1\nfi\n";
			showEnvVarsInLog = 0;
		};
		BC30D77339F838E5B834CFCD /* [CP] Check Pods Manifest.lock */ = {
			isa = PBXShellScriptBuildPhase;
			buildActionMask = 2147483647;
			files = (
			);
			inputPaths = (
			);
			name = "[CP] Check Pods Manifest.lock";
			outputPaths = (
			);
			runOnlyForDeploymentPostprocessing = 0;
			shellPath = /bin/sh;
			shellScript = "diff \"${PODS_ROOT}/../Podfile.lock\" \"${PODS_ROOT}/Manifest.lock\" > /dev/null\nif [ $? != 0 ] ; then\n    # print error to STDERR\n    echo \"error: The sandbox is not in sync with the Podfile.lock. Run 'pod install' or update your CocoaPods installation.\" >&2\n    exit 1\nfi\n";
			showEnvVarsInLog = 0;
		};
/* End PBXShellScriptBuildPhase section */

/* Begin PBXSourcesBuildPhase section */
		E9EAEC801DE53F3D00D4646C /* Sources */ = {
			isa = PBXSourcesBuildPhase;
			buildActionMask = 2147483647;
			files = (
				E9E274A41E02F71600B14AE2 /* CreateNewTeamViewController.swift in Sources */,
				E9BE77D11DF870A6005DB20C /* SEIndexTableViewController.swift in Sources */,
				E9F4C0421DF37B3E000228D2 /* ViewPendingUsersTableViewController.swift in Sources */,
				E9BE78121DFA3775005DB20C /* MenuViewController.swift in Sources */,
				E93087A41DFCA2BC0003CC84 /* DDScheduleForPositionViewController.swift in Sources */,
				E9EAECF31DED47E600D4646C /* GSSettings.swift in Sources */,
				E9EAECF71DEDDF2500D4646C /* GSDayRequests.swift in Sources */,
				E930879D1DFB58C60003CC84 /* DDIndexViewController.swift in Sources */,
				E9BE77BC1DF752F2005DB20C /* GSUserDay.swift in Sources */,
				E968C5821DFCB4AD00A9736F /* SEPositionViewController.swift in Sources */,
				E902F6101DF0AD6700A2326F /* ViewUsersTableViewController.swift in Sources */,
				E9EF533A1E01E16C00CDE712 /* EditUserTableViewCell.swift in Sources */,
				E93087A21DFC587D0003CC84 /* DDRequestViewController.swift in Sources */,
				E902F61A1DF24C6000A2326F /* GSTeam.swift in Sources */,
				E9F4C03F1DF35D12000228D2 /* GSPendingUser.swift in Sources */,
				E9EAECE71DECCF3500D4646C /* GSDay.swift in Sources */,
				E902F60A1DEFDE2900A2326F /* ShiftsTableViewController.swift in Sources */,
				E9BE78101DFA3763005DB20C /* ContainerViewController.swift in Sources */,
				E902F60E1DF0A3BE00A2326F /* EditUserViewController.swift in Sources */,
				E9EAECE01DECCC2C00D4646C /* LoginViewController.swift in Sources */,
				E9EAECFD1DEDFF9B00D4646C /* MainViewController.swift in Sources */,
				E9EAECDC1DECCBE400D4646C /* App.swift in Sources */,
				E9F4C0861DF675F4000228D2 /* GSShift.swift in Sources */,
				E902F6061DEFDD2000A2326F /* SettingsViewController.swift in Sources */,
				E9EAEC881DE53F3D00D4646C /* AppDelegate.swift in Sources */,
				E9A0D2911DFE722F00A896C9 /* DDRequestTableViewCell.swift in Sources */,
				E94E13771E138AD9008D6727 /* GSPushNotifications.swift in Sources */,
				E9BE77C01DF7537B005DB20C /* GSUserPosition.swift in Sources */,
				E9F4C03B1DF28344000228D2 /* CreateUserViewController.swift in Sources */,
				E9EAECF51DEDDF1200D4646C /* GSUser.swift in Sources */,
				E9BE77E11DF89004005DB20C /* USVScheduleTableViewCell.swift in Sources */,
				E9F4C0881DF675FC000228D2 /* GSPosition.swift in Sources */,
				E979BD031E00FE7200783B08 /* DDPositionTableViewCell.swift in Sources */,
				E9F4C03D1DF32E91000228D2 /* FirstTimeLoginViewController.swift in Sources */,
				E902F6081DEFDE2000A2326F /* PositionsTableViewController.swift in Sources */,
				E9BE78161DFA4EF3005DB20C /* MenuTableViewCell.swift in Sources */,
				E9EAECDA1DECCBD200D4646C /* DB.swift in Sources */,
				E968C5841DFD209800A9736F /* GSUserDayRequest.swift in Sources */,
				E902F60C1DF08E0C00A2326F /* EditShiftViewController.swift in Sources */,
				E938EB361E037ED500181590 /* GSPopup.swift in Sources */,
				E9BE77BE1DF7534E005DB20C /* GSUserShift.swift in Sources */,
			);
			runOnlyForDeploymentPostprocessing = 0;
		};
		E9EAEC941DE53F3D00D4646C /* Sources */ = {
			isa = PBXSourcesBuildPhase;
			buildActionMask = 2147483647;
			files = (
				E9EAEC9D1DE53F3D00D4646C /* GatteSchedulesTests.swift in Sources */,
			);
			runOnlyForDeploymentPostprocessing = 0;
		};
		E9EAEC9F1DE53F3D00D4646C /* Sources */ = {
			isa = PBXSourcesBuildPhase;
			buildActionMask = 2147483647;
			files = (
				E9EAECA81DE53F3D00D4646C /* GatteSchedulesUITests.swift in Sources */,
			);
			runOnlyForDeploymentPostprocessing = 0;
		};
/* End PBXSourcesBuildPhase section */

/* Begin PBXTargetDependency section */
		E9EAEC9A1DE53F3D00D4646C /* PBXTargetDependency */ = {
			isa = PBXTargetDependency;
			target = E9EAEC831DE53F3D00D4646C /* GatteSchedules */;
			targetProxy = E9EAEC991DE53F3D00D4646C /* PBXContainerItemProxy */;
		};
		E9EAECA51DE53F3D00D4646C /* PBXTargetDependency */ = {
			isa = PBXTargetDependency;
			target = E9EAEC831DE53F3D00D4646C /* GatteSchedules */;
			targetProxy = E9EAECA41DE53F3D00D4646C /* PBXContainerItemProxy */;
		};
/* End PBXTargetDependency section */

/* Begin PBXVariantGroup section */
		E9EAEC8B1DE53F3D00D4646C /* Main.storyboard */ = {
			isa = PBXVariantGroup;
			children = (
				E9EAEC8C1DE53F3D00D4646C /* Base */,
			);
			name = Main.storyboard;
			sourceTree = "<group>";
		};
		E9EAEC901DE53F3D00D4646C /* LaunchScreen.storyboard */ = {
			isa = PBXVariantGroup;
			children = (
				E9EAEC911DE53F3D00D4646C /* Base */,
			);
			name = LaunchScreen.storyboard;
			sourceTree = "<group>";
		};
/* End PBXVariantGroup section */

/* Begin XCBuildConfiguration section */
		E9EAECAA1DE53F3D00D4646C /* Debug */ = {
			isa = XCBuildConfiguration;
			buildSettings = {
				ALWAYS_SEARCH_USER_PATHS = NO;
				CLANG_ANALYZER_NONNULL = YES;
				CLANG_CXX_LANGUAGE_STANDARD = "gnu++0x";
				CLANG_CXX_LIBRARY = "libc++";
				CLANG_ENABLE_MODULES = YES;
				CLANG_ENABLE_OBJC_ARC = YES;
				CLANG_WARN_BOOL_CONVERSION = YES;
				CLANG_WARN_CONSTANT_CONVERSION = YES;
				CLANG_WARN_DIRECT_OBJC_ISA_USAGE = YES_ERROR;
				CLANG_WARN_DOCUMENTATION_COMMENTS = YES;
				CLANG_WARN_EMPTY_BODY = YES;
				CLANG_WARN_ENUM_CONVERSION = YES;
				CLANG_WARN_INFINITE_RECURSION = YES;
				CLANG_WARN_INT_CONVERSION = YES;
				CLANG_WARN_OBJC_ROOT_CLASS = YES_ERROR;
				CLANG_WARN_SUSPICIOUS_MOVE = YES;
				CLANG_WARN_SUSPICIOUS_MOVES = YES;
				CLANG_WARN_UNREACHABLE_CODE = YES;
				CLANG_WARN__DUPLICATE_METHOD_MATCH = YES;
				"CODE_SIGN_IDENTITY[sdk=iphoneos*]" = "iPhone Developer";
				COPY_PHASE_STRIP = NO;
				DEBUG_INFORMATION_FORMAT = dwarf;
				ENABLE_STRICT_OBJC_MSGSEND = YES;
				ENABLE_TESTABILITY = YES;
				GCC_C_LANGUAGE_STANDARD = gnu99;
				GCC_DYNAMIC_NO_PIC = NO;
				GCC_NO_COMMON_BLOCKS = YES;
				GCC_OPTIMIZATION_LEVEL = 0;
				GCC_PREPROCESSOR_DEFINITIONS = (
					"DEBUG=1",
					"$(inherited)",
				);
				GCC_WARN_64_TO_32_BIT_CONVERSION = YES;
				GCC_WARN_ABOUT_RETURN_TYPE = YES_ERROR;
				GCC_WARN_UNDECLARED_SELECTOR = YES;
				GCC_WARN_UNINITIALIZED_AUTOS = YES_AGGRESSIVE;
				GCC_WARN_UNUSED_FUNCTION = YES;
				GCC_WARN_UNUSED_VARIABLE = YES;
				IPHONEOS_DEPLOYMENT_TARGET = 10.1;
				MTL_ENABLE_DEBUG_INFO = YES;
				ONLY_ACTIVE_ARCH = YES;
				SDKROOT = iphoneos;
				SWIFT_ACTIVE_COMPILATION_CONDITIONS = DEBUG;
				SWIFT_OPTIMIZATION_LEVEL = "-Onone";
				TARGETED_DEVICE_FAMILY = "1,2";
			};
			name = Debug;
		};
		E9EAECAB1DE53F3D00D4646C /* Release */ = {
			isa = XCBuildConfiguration;
			buildSettings = {
				ALWAYS_SEARCH_USER_PATHS = NO;
				CLANG_ANALYZER_NONNULL = YES;
				CLANG_CXX_LANGUAGE_STANDARD = "gnu++0x";
				CLANG_CXX_LIBRARY = "libc++";
				CLANG_ENABLE_MODULES = YES;
				CLANG_ENABLE_OBJC_ARC = YES;
				CLANG_WARN_BOOL_CONVERSION = YES;
				CLANG_WARN_CONSTANT_CONVERSION = YES;
				CLANG_WARN_DIRECT_OBJC_ISA_USAGE = YES_ERROR;
				CLANG_WARN_DOCUMENTATION_COMMENTS = YES;
				CLANG_WARN_EMPTY_BODY = YES;
				CLANG_WARN_ENUM_CONVERSION = YES;
				CLANG_WARN_INFINITE_RECURSION = YES;
				CLANG_WARN_INT_CONVERSION = YES;
				CLANG_WARN_OBJC_ROOT_CLASS = YES_ERROR;
				CLANG_WARN_SUSPICIOUS_MOVE = YES;
				CLANG_WARN_SUSPICIOUS_MOVES = YES;
				CLANG_WARN_UNREACHABLE_CODE = YES;
				CLANG_WARN__DUPLICATE_METHOD_MATCH = YES;
				"CODE_SIGN_IDENTITY[sdk=iphoneos*]" = "iPhone Developer";
				COPY_PHASE_STRIP = NO;
				DEBUG_INFORMATION_FORMAT = "dwarf-with-dsym";
				ENABLE_NS_ASSERTIONS = NO;
				ENABLE_STRICT_OBJC_MSGSEND = YES;
				GCC_C_LANGUAGE_STANDARD = gnu99;
				GCC_NO_COMMON_BLOCKS = YES;
				GCC_WARN_64_TO_32_BIT_CONVERSION = YES;
				GCC_WARN_ABOUT_RETURN_TYPE = YES_ERROR;
				GCC_WARN_UNDECLARED_SELECTOR = YES;
				GCC_WARN_UNINITIALIZED_AUTOS = YES_AGGRESSIVE;
				GCC_WARN_UNUSED_FUNCTION = YES;
				GCC_WARN_UNUSED_VARIABLE = YES;
				IPHONEOS_DEPLOYMENT_TARGET = 10.1;
				MTL_ENABLE_DEBUG_INFO = NO;
				SDKROOT = iphoneos;
				SWIFT_OPTIMIZATION_LEVEL = "-Owholemodule";
				TARGETED_DEVICE_FAMILY = "1,2";
				VALIDATE_PRODUCT = YES;
			};
			name = Release;
		};
		E9EAECAD1DE53F3D00D4646C /* Debug */ = {
			isa = XCBuildConfiguration;
			baseConfigurationReference = 6A1988B2ED4EA548427A0EB7 /* Pods-GatteSchedules.debug.xcconfig */;
			buildSettings = {
				ASSETCATALOG_COMPILER_APPICON_NAME = AppIcon;
				CODE_SIGN_ENTITLEMENTS = GatteSchedules/GatteSchedules.entitlements;
				DEVELOPMENT_TEAM = 6BTW725B4B;
				INFOPLIST_FILE = GatteSchedules/Info.plist;
				IPHONEOS_DEPLOYMENT_TARGET = 10.1;
				LD_RUNPATH_SEARCH_PATHS = "$(inherited) @executable_path/Frameworks";
				PRODUCT_BUNDLE_IDENTIFIER = com.colbyg.GatteSchedules;
				PRODUCT_NAME = "$(TARGET_NAME)";
				SWIFT_VERSION = 3.0;
			};
			name = Debug;
		};
		E9EAECAE1DE53F3D00D4646C /* Release */ = {
			isa = XCBuildConfiguration;
			baseConfigurationReference = F696509750500FAD20771831 /* Pods-GatteSchedules.release.xcconfig */;
			buildSettings = {
				ASSETCATALOG_COMPILER_APPICON_NAME = AppIcon;
				CODE_SIGN_ENTITLEMENTS = GatteSchedules/GatteSchedules.entitlements;
				DEVELOPMENT_TEAM = 6BTW725B4B;
				INFOPLIST_FILE = GatteSchedules/Info.plist;
				IPHONEOS_DEPLOYMENT_TARGET = 10.1;
				LD_RUNPATH_SEARCH_PATHS = "$(inherited) @executable_path/Frameworks";
				PRODUCT_BUNDLE_IDENTIFIER = com.colbyg.GatteSchedules;
				PRODUCT_NAME = "$(TARGET_NAME)";
				SWIFT_VERSION = 3.0;
			};
			name = Release;
		};
		E9EAECB01DE53F3D00D4646C /* Debug */ = {
			isa = XCBuildConfiguration;
			baseConfigurationReference = 367E6C3C30A25864FD8C51DD /* Pods-GatteSchedulesTests.debug.xcconfig */;
			buildSettings = {
				ALWAYS_EMBED_SWIFT_STANDARD_LIBRARIES = YES;
				BUNDLE_LOADER = "$(TEST_HOST)";
				DEVELOPMENT_TEAM = 6BTW725B4B;
				INFOPLIST_FILE = GatteSchedulesTests/Info.plist;
				LD_RUNPATH_SEARCH_PATHS = "$(inherited) @executable_path/Frameworks @loader_path/Frameworks";
				PRODUCT_BUNDLE_IDENTIFIER = com.colbyg.GatteSchedulesTests;
				PRODUCT_NAME = "$(TARGET_NAME)";
				SWIFT_VERSION = 3.0;
				TEST_HOST = "$(BUILT_PRODUCTS_DIR)/GatteSchedules.app/GatteSchedules";
			};
			name = Debug;
		};
		E9EAECB11DE53F3D00D4646C /* Release */ = {
			isa = XCBuildConfiguration;
			baseConfigurationReference = 6A39455A45EA369C9D4CC914 /* Pods-GatteSchedulesTests.release.xcconfig */;
			buildSettings = {
				ALWAYS_EMBED_SWIFT_STANDARD_LIBRARIES = YES;
				BUNDLE_LOADER = "$(TEST_HOST)";
				DEVELOPMENT_TEAM = 6BTW725B4B;
				INFOPLIST_FILE = GatteSchedulesTests/Info.plist;
				LD_RUNPATH_SEARCH_PATHS = "$(inherited) @executable_path/Frameworks @loader_path/Frameworks";
				PRODUCT_BUNDLE_IDENTIFIER = com.colbyg.GatteSchedulesTests;
				PRODUCT_NAME = "$(TARGET_NAME)";
				SWIFT_VERSION = 3.0;
				TEST_HOST = "$(BUILT_PRODUCTS_DIR)/GatteSchedules.app/GatteSchedules";
			};
			name = Release;
		};
		E9EAECB31DE53F3D00D4646C /* Debug */ = {
			isa = XCBuildConfiguration;
			baseConfigurationReference = 1322186FDEA9C4838CD89865 /* Pods-GatteSchedulesUITests.debug.xcconfig */;
			buildSettings = {
				ALWAYS_EMBED_SWIFT_STANDARD_LIBRARIES = YES;
				DEVELOPMENT_TEAM = 6BTW725B4B;
				INFOPLIST_FILE = GatteSchedulesUITests/Info.plist;
				LD_RUNPATH_SEARCH_PATHS = "$(inherited) @executable_path/Frameworks @loader_path/Frameworks";
				PRODUCT_BUNDLE_IDENTIFIER = com.colbyg.GatteSchedulesUITests;
				PRODUCT_NAME = "$(TARGET_NAME)";
				SWIFT_VERSION = 3.0;
				TEST_TARGET_NAME = GatteSchedules;
			};
			name = Debug;
		};
		E9EAECB41DE53F3D00D4646C /* Release */ = {
			isa = XCBuildConfiguration;
			baseConfigurationReference = B22D7019ECFFFB3AAAA918BA /* Pods-GatteSchedulesUITests.release.xcconfig */;
			buildSettings = {
				ALWAYS_EMBED_SWIFT_STANDARD_LIBRARIES = YES;
				DEVELOPMENT_TEAM = 6BTW725B4B;
				INFOPLIST_FILE = GatteSchedulesUITests/Info.plist;
				LD_RUNPATH_SEARCH_PATHS = "$(inherited) @executable_path/Frameworks @loader_path/Frameworks";
				PRODUCT_BUNDLE_IDENTIFIER = com.colbyg.GatteSchedulesUITests;
				PRODUCT_NAME = "$(TARGET_NAME)";
				SWIFT_VERSION = 3.0;
				TEST_TARGET_NAME = GatteSchedules;
			};
			name = Release;
		};
/* End XCBuildConfiguration section */

/* Begin XCConfigurationList section */
		E9EAEC7F1DE53F3D00D4646C /* Build configuration list for PBXProject "GatteSchedules" */ = {
			isa = XCConfigurationList;
			buildConfigurations = (
				E9EAECAA1DE53F3D00D4646C /* Debug */,
				E9EAECAB1DE53F3D00D4646C /* Release */,
			);
			defaultConfigurationIsVisible = 0;
			defaultConfigurationName = Release;
		};
		E9EAECAC1DE53F3D00D4646C /* Build configuration list for PBXNativeTarget "GatteSchedules" */ = {
			isa = XCConfigurationList;
			buildConfigurations = (
				E9EAECAD1DE53F3D00D4646C /* Debug */,
				E9EAECAE1DE53F3D00D4646C /* Release */,
			);
			defaultConfigurationIsVisible = 0;
			defaultConfigurationName = Release;
		};
		E9EAECAF1DE53F3D00D4646C /* Build configuration list for PBXNativeTarget "GatteSchedulesTests" */ = {
			isa = XCConfigurationList;
			buildConfigurations = (
				E9EAECB01DE53F3D00D4646C /* Debug */,
				E9EAECB11DE53F3D00D4646C /* Release */,
			);
			defaultConfigurationIsVisible = 0;
			defaultConfigurationName = Release;
		};
		E9EAECB21DE53F3D00D4646C /* Build configuration list for PBXNativeTarget "GatteSchedulesUITests" */ = {
			isa = XCConfigurationList;
			buildConfigurations = (
				E9EAECB31DE53F3D00D4646C /* Debug */,
				E9EAECB41DE53F3D00D4646C /* Release */,
			);
			defaultConfigurationIsVisible = 0;
			defaultConfigurationName = Release;
		};
/* End XCConfigurationList section */
	};
	rootObject = E9EAEC7C1DE53F3D00D4646C /* Project object */;
}
